
Microsoft Visual Studio Solution File, Format Version 12.00
# Visual Studio 2012
Project("{FAE04EC0-301F-11D3-BF4B-00C04F79EFBC}") = "CurrencyConverterExercise", "CurrencyConverterExercise\CurrencyConverterExercise.csproj", "{419717CA-3B42-465A-884B-718D0843F2EB}"
EndProject
Project("{FAE04EC0-301F-11D3-BF4B-00C04F79EFBC}") = "CurrencyConverterExercise.Tests", "CurrencyConverterExercise.Tests\CurrencyConverterExercise.Tests.csproj", "{9706B5F7-0136-4075-8DF2-6AABB66115C2}"
EndProject
Global
	GlobalSection(SolutionConfigurationPlatforms) = preSolution
		Debug|Any CPU = Debug|Any CPU
		Release|Any CPU = Release|Any CPU
	EndGlobalSection
	GlobalSection(ProjectConfigurationPlatforms) = postSolution
		{419717CA-3B42-465A-884B-718D0843F2EB}.Debug|Any CPU.ActiveCfg = Debug|Any CPU
		{419717CA-3B42-465A-884B-718D0843F2EB}.Debug|Any CPU.Build.0 = Debug|Any CPU
		{419717CA-3B42-465A-884B-718D0843F2EB}.Release|Any CPU.ActiveCfg = Release|Any CPU
		{419717CA-3B42-465A-884B-718D0843F2EB}.Release|Any CPU.Build.0 = Release|Any CPU
		{9706B5F7-0136-4075-8DF2-6AABB66115C2}.Debug|Any CPU.ActiveCfg = Debug|Any CPU
		{9706B5F7-0136-4075-8DF2-6AABB66115C2}.Debug|Any CPU.Build.0 = Debug|Any CPU
		{9706B5F7-0136-4075-8DF2-6AABB66115C2}.Release|Any CPU.ActiveCfg = Release|Any CPU
		{9706B5F7-0136-4075-8DF2-6AABB66115C2}.Release|Any CPU.Build.0 = Release|Any CPU
	EndGlobalSection
EndGlobal
